<Solution>
  <Folder Name="/src/">
    <Project Path="src/Diagram.Core.Contracts/Diagram.Core.Contracts.csproj" />
    <Project Path="src/Diagram.Host.Core/Diagram.Host.Core.csproj" />
    <Project Path="src/Diagram.App/Diagram.App.csproj" />
  </Folder>
  <Folder Name="/tests/">
    <Project Path="tests/Diagram.Windows.Tests/Diagram.Windows.Tests.csproj" />
  </Folder>
</Solution>
