{
  "version": 1,
  "dependencies": {
    "net10.0": {
      "OfficeIMO.Visio": {
        "type": "Direct",
        "requested": "[3.4.4, )",
        "resolved": "3.4.4",
        "contentHash": "ZYT5886Bpd63MOd8R6ZdVFXBSV3XqIqQi3gcKokBTL4/GxxuENvqhpuFLAW5rxxIRygJ5c7Wv6O4FedlY6+4cA==",
        "dependencies": {
          "OfficeIMO.Core": "3.4.4",
          "System.IO.Packaging": "10.0.8"
        }
      },
      "OfficeIMO.Core": {
        "type": "Transitive",
        "resolved": "3.4.4",
        "contentHash": "s1MD3wvn2DSj6rPHKrIfq3qzfVefQrrS2hfl7+OZOWvFsWyuZwzCGC3TxVWevQdPwHUKPs5kzJaWY0vRGDHyqw=="
      },
      "System.IO.Packaging": {
        "type": "Transitive",
        "resolved": "10.0.8",
        "contentHash": "6Dzmgfpi7BdqgQ3g/6jZuJzgGspIFSEfSchY4ejTVkZTMOKRZRJiYp5/q0gIZ8H1+Eq8/sxJNnyWtzAHp6iTcQ=="
      }
    }
  }
}